PODS:
  - Alamofire (5.4.4)
  - ObjectMapper (4.2.0)

DEPENDENCIES:
  - Alamofire
  - ObjectMapper

SPEC REPOS:
  trunk:
    - Alamofire
    - ObjectMapper

SPEC CHECKSUMS:
  Alamofire: f3b09a368f1582ab751b3fff5460276e0d2cf5c9
  ObjectMapper: 1eb41f610210777375fa806bf161dc39fb832b81

PODFILE CHECKSUM: e6dd9a519ea6490b70be88486695c266e96c3f5b

COCOAPODS: 1.11.2
